
Microsoft Visual Studio Solution File, Format Version 12.00
# Visual Studio 15
VisualStudioVersion = 15.0.28010.2019
MinimumVisualStudioVersion = 10.0.40219.1
Project("{FAE04EC0-301F-11D3-BF4B-00C04F79EFBC}") = "TnOutlookWebApp", "TnOutlookWebApp\TnOutlookWebApp.csproj", "{AE777EFD-142C-4A0B-8229-D3FAF2EF3239}"
EndProject
Project("{FAE04EC0-301F-11D3-BF4B-00C04F79EFBC}") = "Yolva.TN.Plugins", "..\TnExchangePlugins\Yolva.TN.Plugins\Yolva.TN.Plugins.csproj", "{48731F87-8068-47DC-9796-62DD83643743}"
EndProject
Global
	GlobalSection(SolutionConfigurationPlatforms) = preSolution
		Debug|Any CPU = Debug|Any CPU
		Release|Any CPU = Release|Any CPU
	EndGlobalSection
	GlobalSection(ProjectConfigurationPlatforms) = postSolution
		{AE777EFD-142C-4A0B-8229-D3FAF2EF3239}.Debug|Any CPU.ActiveCfg = Debug|Any CPU
		{AE777EFD-142C-4A0B-8229-D3FAF2EF3239}.Debug|Any CPU.Build.0 = Debug|Any CPU
		{AE777EFD-142C-4A0B-8229-D3FAF2EF3239}.Release|Any CPU.ActiveCfg = Release|Any CPU
		{AE777EFD-142C-4A0B-8229-D3FAF2EF3239}.Release|Any CPU.Build.0 = Release|Any CPU
		{48731F87-8068-47DC-9796-62DD83643743}.Debug|Any CPU.ActiveCfg = Debug|Any CPU
		{48731F87-8068-47DC-9796-62DD83643743}.Debug|Any CPU.Build.0 = Debug|Any CPU
		{48731F87-8068-47DC-9796-62DD83643743}.Release|Any CPU.ActiveCfg = Release|Any CPU
		{48731F87-8068-47DC-9796-62DD83643743}.Release|Any CPU.Build.0 = Release|Any CPU
	EndGlobalSection
	GlobalSection(SolutionProperties) = preSolution
		HideSolutionNode = FALSE
	EndGlobalSection
	GlobalSection(ExtensibilityGlobals) = postSolution
		SolutionGuid = {8D5B7F0B-1DD2-4F8A-9938-DEB5DD426CB8}
	EndGlobalSection
EndGlobal
